
Microsoft Visual Studio Solution File, Format Version 12.00
Project("{FAE04EC0-301F-11D3-BF4B-00C04F79EFBC}") = "Cards_CSCB579", "Cards_CSCB579\Cards_CSCB579.csproj", "{E5F15DA9-2FB6-45E1-816F-5D45B4560020}"
EndProject
Global
	GlobalSection(SolutionConfigurationPlatforms) = preSolution
		Debug|Any CPU = Debug|Any CPU
		Release|Any CPU = Release|Any CPU
	EndGlobalSection
	GlobalSection(ProjectConfigurationPlatforms) = postSolution
		{E5F15DA9-2FB6-45E1-816F-5D45B4560020}.Debug|Any CPU.ActiveCfg = Debug|Any CPU
		{E5F15DA9-2FB6-45E1-816F-5D45B4560020}.Debug|Any CPU.Build.0 = Debug|Any CPU
		{E5F15DA9-2FB6-45E1-816F-5D45B4560020}.Release|Any CPU.ActiveCfg = Release|Any CPU
		{E5F15DA9-2FB6-45E1-816F-5D45B4560020}.Release|Any CPU.Build.0 = Release|Any CPU
	EndGlobalSection
EndGlobal
